{
    "_meta": {
        "hash": {
            "sha256": "a26ed467bc813bb10570f16c5dea316b93cccacaa30f595004efc7f8af245d06"
        },
        "pipfile-spec": 6,
        "requires": {
            "python_version": "3.10"
        },
        "sources": [
            {
                "name": "pypi",
                "url": "https://pypi.org/simple",
                "verify_ssl": true
            }
        ]
    },
    "default": {
        "joblib": {
            "hashes": [
                "sha256:4158fcecd13733f8be669be0683b96ebdbbd38d23559f54dca7205aea1bf1e35",
                "sha256:f21f109b3c7ff9d95f8387f752d0d9c34a02aa2f7060c2135f465da0e5160ff6"
            ],
            "markers": "python_version >= '3.6'",
            "version": "==1.1.0"
        },
        "numexpr": {
            "hashes": [
                "sha256:052ec3a55cc1ccc447580ee5b828b2bd0bc14fea0756ddb81d9617b5472c77b5",
                "sha256:08d8f8e31647815d979185eb455cb5b4d845e20ff808bd6f7f4edf5e0a35e2f6",
                "sha256:1575a35190d650bf64d2efd8590a8ef3ca564ef20b9f8727428b57759712becb",
                "sha256:19cd7563421862de85404bd5de06bee8a3ebff4fc9f718de09cc704bc3348f08",
                "sha256:33be3bbbad71d97d14a39d84957c2bcc368fec775369664d0c24be030c50c359",
                "sha256:3a1ce79b7d32c55cce334566e3c6716f7b646f6eceb2ace38adaa795848f3583",
                "sha256:4ddc46c1e5d726b57d008169b75074ab66869e1827098614ebafa45d152f81b7",
                "sha256:4f291f0df7b25d9530991f880cc232a644a7a722d130c61b43e593b98fb6523f",
                "sha256:5532bd7164eb8a05410771faf94a661fc69e5ca72deb8612f1bedc26311ed3c8",
                "sha256:5b014d1c426c444102fb9eea6438052ee86c82684d27dd20b531caf2c60bc4c9",
                "sha256:5c660dea90935b963db9529d963493c40fabb2343684b52083fb86b2547d60c8",
                "sha256:828926f5d4dc9ace2bebd2eec56bee852518afa31e6df175d1706e6631dfd1a2",
                "sha256:854541cf4214d747ab2f87229e9dde052fddc52c379f59047d64f9b7e2f4d578",
                "sha256:99b9a91811de8cd24bd7d7fbc1883653dad6485e8c683d85b1007a13868713f6",
                "sha256:a6954d65d7140864d9bb2302b7580c60c88c4d12e00c59a0a53f1660573e922b",
                "sha256:b127b0d0e1665b94adcc658c5f9d688ac4903ef81da5d8f4e956c995cf69d5c7",
                "sha256:ba9aa03f4213f4e0c0d964afd6a920c9000e73d22b88c72c46b151d292ee5581",
                "sha256:be9b8309a4a2f785197b1a29f7767a5ff217ea505e5a751b237336f3b50b7e48",
                "sha256:c35669268f602ac6412c8c6244b256ebb4f31ffc926b936ca0d9cffda251db8a",
                "sha256:cb647c9d9c785dae0759bf6c875cde2bec472b5c3f7a6015734b161ae766d141",
                "sha256:cbd75ac287923bd0c5b95143915648c62d97f994b06dacd770bd205da014f6bd",
                "sha256:eba7fad925e3063a0434844a667fbdea30b53fe1344efef73475b32d33aa0fec",
                "sha256:f29b882a21b5381c0e472bc66e8d1c519b8920edc2522b8b4ede79e314d31d20",
                "sha256:fe6b49631c3bf54e92b0fb334c8e59694685924492d80c325e1b44ecbbc0f22d"
            ],
            "markers": "python_version >= '3.7'",
            "version": "==2.8.3"
        },
        "numpy": {
            "hashes": [
                "sha256:17e5226674f6ea79e14e3b91bfbc153fdf3ac13f5cc54ee7bc8fdbe820a32da0",
                "sha256:2bd879d3ca4b6f39b7770829f73278b7c5e248c91d538aab1e506c628353e47f",
                "sha256:4f41f5bf20d9a521f8cab3a34557cd77b6f205ab2116651f12959714494268b0",
                "sha256:5593f67e66dea4e237f5af998d31a43e447786b2154ba1ad833676c788f37cde",
                "sha256:5e28cd64624dc2354a349152599e55308eb6ca95a13ce6a7d5679ebff2962913",
                "sha256:633679a472934b1c20a12ed0c9a6c9eb167fbb4cb89031939bfd03dd9dbc62b8",
                "sha256:806970e69106556d1dd200e26647e9bee5e2b3f1814f9da104a943e8d548ca38",
                "sha256:806cc25d5c43e240db709875e947076b2826f47c2c340a5a2f36da5bb10c58d6",
                "sha256:8247f01c4721479e482cc2f9f7d973f3f47810cbc8c65e38fd1bbd3141cc9842",
                "sha256:8ebf7e194b89bc66b78475bd3624d92980fca4e5bb86dda08d677d786fefc414",
                "sha256:8ecb818231afe5f0f568c81f12ce50f2b828ff2b27487520d85eb44c71313b9e",
                "sha256:8f9d84a24889ebb4c641a9b99e54adb8cab50972f0166a3abc14c3b93163f074",
                "sha256:909c56c4d4341ec8315291a105169d8aae732cfb4c250fbc375a1efb7a844f8f",
                "sha256:9b83d48e464f393d46e8dd8171687394d39bc5abfe2978896b77dc2604e8635d",
                "sha256:ac987b35df8c2a2eab495ee206658117e9ce867acf3ccb376a19e83070e69418",
                "sha256:b78d00e48261fbbd04aa0d7427cf78d18401ee0abd89c7559bbf422e5b1c7d01",
                "sha256:b8b97a8a87cadcd3f94659b4ef6ec056261fa1e1c3317f4193ac231d4df70215",
                "sha256:bd5b7ccae24e3d8501ee5563e82febc1771e73bd268eef82a1e8d2b4d556ae66",
                "sha256:bdc02c0235b261925102b1bd586579b7158e9d0d07ecb61148a1799214a4afd5",
                "sha256:be6b350dfbc7f708d9d853663772a9310783ea58f6035eec649fb9c4371b5389",
                "sha256:c403c81bb8ffb1c993d0165a11493fd4bf1353d258f6997b3ee288b0a48fce77",
                "sha256:cf8c6aed12a935abf2e290860af8e77b26a042eb7f2582ff83dc7ed5f963340c",
                "sha256:d98addfd3c8728ee8b2c49126f3c44c703e2b005d4a95998e2167af176a9e722",
                "sha256:dc76bca1ca98f4b122114435f83f1fcf3c0fe48e4e6f660e07996abf2f53903c",
                "sha256:dec198619b7dbd6db58603cd256e092bcadef22a796f778bf87f8592b468441d",
                "sha256:df28dda02c9328e122661f399f7655cdcbcf22ea42daa3650a26bce08a187450",
                "sha256:e603ca1fb47b913942f3e660a15e55a9ebca906857edfea476ae5f0fe9b457d5",
                "sha256:ecfdd68d334a6b97472ed032b5b37a30d8217c097acfff15e8452c710e775524"
            ],
            "index": "pypi",
            "version": "==1.23.2"
        },
        "packaging": {
            "hashes": [
                "sha256:dd47c42927d89ab911e606518907cc2d3a1f38bbd026385970643f9c5b8ecfeb",
                "sha256:ef103e05f519cdc783ae24ea4e2e0f508a9c99b2d4969652eed6a2e1ea5bd522"
            ],
            "markers": "python_version >= '3.6'",
            "version": "==21.3"
        },
        "pyparsing": {
            "hashes": [
                "sha256:2b020ecf7d21b687f219b71ecad3631f644a47f01403fa1d1036b0c6416d70fb",
                "sha256:5026bae9a10eeaefb61dab2f09052b9f4307d44aee4eda64b309723d8d206bbc"
            ],
            "markers": "python_full_version >= '3.6.8'",
            "version": "==3.0.9"
        },
        "scikit-learn": {
            "hashes": [
                "sha256:1c8fecb7c9984d9ec2ea48898229f98aad681a0873e0935f2b7f724fbce4a047",
                "sha256:2b8db962360c93554cab7bb3c096c4a24695da394dd4b3c3f13409f409b425bc",
                "sha256:2f46c6e3ff1054a5ec701646dcfd61d43b8ecac4d416014daed8843cf4c33d4d",
                "sha256:3e7d1fc817867a350133f937aaebcafbc06192517cbdf0cf7e5774ad4d1adb9f",
                "sha256:407e9a1cb9e6ba458a539986a9bd25546a757088095b3aab91d465b79a760d37",
                "sha256:567417dbbe6a6278399c3e6daf1654414a5a1a4d818d28f251fa7fc28730a1bf",
                "sha256:589d46f28460469f444b898223b13d99db9463e1038dc581ba698111f612264b",
                "sha256:5ec3ea40d467966821843210c02117d82b097b54276fdcfb50f4dfb5c60dbe39",
                "sha256:6c840f662b5d3377c4ccb8be1fc21bb52cb5d8b8790f8d6bf021739f84e543cf",
                "sha256:76800652fb6d6bf527bce36ecc2cc25738b28fe1a17bd294a218fff8e8bd6d50",
                "sha256:7c22d1305b16f08d57751a4ea36071e2215efb4c09cb79183faa4e8e82a3dbf8",
                "sha256:a682ec0f82b6f30fb07486daed1c8001b6683cc66b51877644dfc532bece6a18",
                "sha256:a90ca42fe8242fd6ff56cda2fecc5fca586a88a24ab602d275d2d0dcc0b928fb",
                "sha256:b1e706deca9b2ad87ae27dafd5ac4e8eff01b6db492ed5c12cef4735ec5f21ea",
                "sha256:bbef6ea1c012ff9f3e6f6e9ca006b8772d8383e177b898091e68fbd9b3f840f9",
                "sha256:c33e16e9a165af6012f5be530ccfbb672e2bc5f9b840238a05eb7f6694304e3f",
                "sha256:d6f232779023c3b060b80b5c82e5823723bc424dcac1d1a148aa2492c54d245d",
                "sha256:f94c0146bad51daef919c402a3da8c1c6162619653e1c00c92baa168fda292f2"
            ],
            "index": "pypi",
            "version": "==1.1.2"
        },
        "scipy": {
            "hashes": [
                "sha256:01c2015e132774feefe059d5354055fec6b751d7a7d70ad2cf5ce314e7426e2a",
                "sha256:0424d1bbbfa51d5ddaa16d067fd593863c9f2fb7c6840c32f8a08a8832f8e7a4",
                "sha256:10417935486b320d98536d732a58362e3d37e84add98c251e070c59a6bfe0863",
                "sha256:12005d30894e4fe7b247f7233ba0801a341f887b62e2eb99034dd6f2a8a33ad6",
                "sha256:16207622570af10f9e6a2cdc7da7a9660678852477adbcd056b6d1057a036fef",
                "sha256:45f0d6c0d6e55582d3b8f5c58ad4ca4259a02affb190f89f06c8cc02e21bba81",
                "sha256:5d1b9cf3771fd921f7213b4b886ab2606010343bb36259b544a816044576d69e",
                "sha256:693b3fe2e7736ce0dbc72b4d933798eb6ca8ce51b8b934e3f547cc06f48b2afb",
                "sha256:73b704c5eea9be811919cae4caacf3180dd9212d9aed08477c1d2ba14900a9de",
                "sha256:79dd7876614fc2869bf5d311ef33962d2066ea888bc66c80fd4fa80f8772e5a9",
                "sha256:7bad16b91918bf3288089a78a4157e04892ea6475fb7a1d9bcdf32c30c8a3dba",
                "sha256:8d541db2d441ef87afb60c4a2addb00c3af281633602a4967e733ef4b7050504",
                "sha256:8f2232c9d9119ec356240255a715a289b3a33be828c3e4abac11fd052ce15b1e",
                "sha256:97a1f1e51ea30782d7baa8d0c52f72c3f9f05cb609cf1b990664231c5102bccd",
                "sha256:adb6c438c6ef550e2bb83968e772b9690cb421f2c6073f9c2cb6af15ee538bc9",
                "sha256:bb687d245b6963673c639f318eea7e875d1ba147a67925586abed3d6f39bb7d8",
                "sha256:bd490f77f35800d5620f4d9af669e372d9a88db1f76ef219e1609cc4ecdd1a24",
                "sha256:c0dfd7d2429452e7e94904c6a3af63cbaa3cf51b348bd9d35b42db7e9ad42791",
                "sha256:d3a326673ac5afa9ef5613a61626b9ec15c8f7222b4ecd1ce0fd8fcba7b83c59",
                "sha256:e2004d2a3c397b26ca78e67c9d320153a1a9b71ae713ad33f4a3a3ab3d79cc65",
                "sha256:e2ac088ea4aa61115b96b47f5f3d94b3fa29554340b6629cd2bfe6b0521ee33b",
                "sha256:f7c3c578ff556333f3890c2df6c056955d53537bb176698359088108af73a58f",
                "sha256:fc58c3fcb8a724b703ffbc126afdca5a8353d4d5945d5c92db85617e165299e7"
            ],
            "markers": "python_version < '3.12' and python_version >= '3.8'",
            "version": "==1.9.0"
        },
        "tables": {
            "hashes": [
                "sha256:084bbd93038340aed132056435993f020672984c55ace27aedecd09abf0f8fd2",
                "sha256:0f404df7740dabaafa6f18ff279503ecacc1241c5f451b8a4609c01e6102c440",
                "sha256:1ccb258296c580192a4dd4763ce937ca913d0fe4e3606dc289808117868cc1a8",
                "sha256:1d12a3a7b06620267504ec8315d05ee13f84db76a48ecaf4cefd9aba909a791a",
                "sha256:2262d400fd0a29b11414e95a85817e987056543f25d62d80cac730d7b3567bf3",
                "sha256:2546e28c07c04b59c2cbf2986604ceb8abf9d14d5da8b501d51c4577bf843b52",
                "sha256:2c568304e11d5ea3cbbb1b489bc0edacde5b9943e2714667c83009fae8823f14",
                "sha256:38055a11f80acfe0670262595fdcdae1ac607a554355692a6abf26f20e54ec5f",
                "sha256:3c2350f0047685f5932fb0af09806ed0089d042d550292ff1e68d796da0d90fb",
                "sha256:5a4627309c69ff8936ce641e2e2b48c19e7b4a5fd6649861233ac73621267afb",
                "sha256:69e1bc63c9a6dcd4f2a820aba7ca24a35aae08814b90deb18ed67b2c171872c0",
                "sha256:78f146aa4a6518cd8664661c421083d71fec1c7956eb7eebeee2ded351ce9289",
                "sha256:8b0d4317a5f7c9086a8a567bd2173dfa736e85f06d3aab172c4c540319fbd264",
                "sha256:90bdfe44aec11cf207e37d7e767852f949cfc918d409210f0e12cd675b28c23e",
                "sha256:9c74db2d5402f68093292cf89dda6124578ae2a8df796fb236a50f505245f294",
                "sha256:9d0f2fb26caab50ef42e2f91d76024a3041e158773844d725a0f85514d58a6b0",
                "sha256:9e7d5aaf8c2723dcd471a3fe1730e1f30e1d2b145939d49f70e36c52199994e0",
                "sha256:b973d787f417b751c7daa10f2c09798bb37b0527ff62dd29cedc75c31c3f0db9",
                "sha256:d1286143ac2bd5a51adda0f72f4496e53a085faba91c44c28dc38d1e9803d979",
                "sha256:d23e1f70c32ce26532048c9d33c44597989766ee6acac4a19f2eb33d09dab8e6",
                "sha256:d8d9ebe9df7dd294c11632ed74ac450f73703f59fc76ea9db28388a2a655e434",
                "sha256:db8e9e49038916ba461f57793840075719066fef9cbf9813a6be1e6590e795c9",
                "sha256:e445f7da56d692f663fa1a1a9e9059ddf5eebb9e99efecb38ef7b3ea0d541b4d",
                "sha256:e48c74dfa4765b312861f7d4c6e8eb7dcea7fe7674c95bd04cf6d738e04470af",
                "sha256:e89746e56dc5c47dadae8a639e08820835f0522e709b3914436e47e04fe67cea",
                "sha256:e92a887ad6f2a983e564a69902de4a7645c30069fc01abd353ec5da255c5e1fe"
            ],
            "index": "pypi",
            "version": "==3.7.0"
        },
        "threadpoolctl": {
            "hashes": [
                "sha256:8b99adda265feb6773280df41eece7b2e6561b772d21ffd52e372f999024907b",
                "sha256:a335baacfaa4400ae1f0d8e3a58d6674d2f8828e3716bb2802c44955ad391380"
            ],
            "markers": "python_version >= '3.6'",
            "version": "==3.1.0"
        },
        "torch": {
            "file": "https://download.pytorch.org/whl/cu116/torch-1.12.1%2Bcu116-cp310-cp310-linux_x86_64.whl",
            "hashes": [
                "sha256:b6bc31244aa2818929fbb30c483c221df471e9d856e805c5a1ff72b131ae9e7b"
            ],
            "index": "pypi",
            "version": "==1.12.1+cu116"
        },
        "tqdm": {
            "hashes": [
                "sha256:40be55d30e200777a307a7585aee69e4eabb46b4ec6a4b4a5f2d9f11e7d5408d",
                "sha256:74a2cdefe14d11442cedf3ba4e21a3b84ff9a2dbdc6cfae2c34addb2a14a5ea6"
            ],
            "index": "pypi",
            "version": "==4.64.0"
        },
        "typing-extensions": {
            "hashes": [
                "sha256:25642c956049920a5aa49edcdd6ab1e06d7e5d467fc00e0506c44ac86fbfca02",
                "sha256:e6d2677a32f47fc7eb2795db1dd15c1f34eff616bcaf2cfb5e997f854fa1c4a6"
            ],
            "markers": "python_version >= '3.7'",
            "version": "==4.3.0"
        }
    },
    "develop": {
        "asttokens": {
            "hashes": [
                "sha256:c61e16246ecfb2cde2958406b4c8ebc043c9e6d73aaa83c941673b35e5d3a76b",
                "sha256:e3305297c744ae53ffa032c45dc347286165e4ffce6875dc662b205db0623d86"
            ],
            "version": "==2.0.8"
        },
        "backcall": {
            "hashes": [
                "sha256:5cbdbf27be5e7cfadb448baf0aa95508f91f2bbc6c6437cd9cd06e2a4c215e1e",
                "sha256:fbbce6a29f263178a1f7915c1940bde0ec2b2a967566fe1c65c1dfb7422bd255"
            ],
            "version": "==0.2.0"
        },
        "black": {
            "hashes": [
                "sha256:074458dc2f6e0d3dab7928d4417bb6957bb834434516f21514138437accdbe90",
                "sha256:187d96c5e713f441a5829e77120c269b6514418f4513a390b0499b0987f2ff1c",
                "sha256:2ea29072e954a4d55a2ff58971b83365eba5d3d357352a07a7a4df0d95f51c78",
                "sha256:4af5bc0e1f96be5ae9bd7aaec219c901a94d6caa2484c21983d043371c733fc4",
                "sha256:560558527e52ce8afba936fcce93a7411ab40c7d5fe8c2463e279e843c0328ee",
                "sha256:568ac3c465b1c8b34b61cd7a4e349e93f91abf0f9371eda1cf87194663ab684e",
                "sha256:6797f58943fceb1c461fb572edbe828d811e719c24e03375fd25170ada53825e",
                "sha256:6c1734ab264b8f7929cef8ae5f900b85d579e6cbfde09d7387da8f04771b51c6",
                "sha256:6c6d39e28aed379aec40da1c65434c77d75e65bb59a1e1c283de545fb4e7c6c9",
                "sha256:7ba9be198ecca5031cd78745780d65a3f75a34b2ff9be5837045dce55db83d1c",
                "sha256:94783f636bca89f11eb5d50437e8e17fbc6a929a628d82304c80fa9cd945f256",
                "sha256:a218d7e5856f91d20f04e931b6f16d15356db1c846ee55f01bac297a705ca24f",
                "sha256:a3db5b6409b96d9bd543323b23ef32a1a2b06416d525d27e0f67e74f1446c8f2",
                "sha256:ac609cf8ef5e7115ddd07d85d988d074ed00e10fbc3445aee393e70164a2219c",
                "sha256:b154e6bbde1e79ea3260c4b40c0b7b3109ffcdf7bc4ebf8859169a6af72cd70b",
                "sha256:b270a168d69edb8b7ed32c193ef10fd27844e5c60852039599f9184460ce0807",
                "sha256:b9fd45787ba8aa3f5e0a0a98920c1012c884622c6c920dbe98dbd05bc7c70fbf",
                "sha256:c85928b9d5f83b23cee7d0efcb310172412fbf7cb9d9ce963bd67fd141781def",
                "sha256:c9a3ac16efe9ec7d7381ddebcc022119794872abce99475345c5a61aa18c45ad",
                "sha256:cfaf3895a9634e882bf9d2363fed5af8888802d670f58b279b0bece00e9a872d",
                "sha256:e439798f819d49ba1c0bd9664427a05aab79bfba777a6db94fd4e56fae0cb849",
                "sha256:f586c26118bc6e714ec58c09df0157fe2d9ee195c764f630eb0d8e7ccce72e69",
                "sha256:f6fe02afde060bbeef044af7996f335fbe90b039ccf3f5eb8f16df8b20f77666"
            ],
            "index": "pypi",
            "version": "==22.6.0"
        },
        "click": {
            "hashes": [
                "sha256:7682dc8afb30297001674575ea00d1814d808d6a36af415a82bd481d37ba7b8e",
                "sha256:bb4d8133cb15a609f44e8213d9b391b0809795062913b383c62be0ee95b1db48"
            ],
            "markers": "python_version >= '3.7'",
            "version": "==8.1.3"
        },
        "colorlog": {
            "hashes": [
                "sha256:3dd15cb27e8119a24c1a7b5c93f9f3b455855e0f73993b1c25921b2f646f1dcd",
                "sha256:59b53160c60902c405cdec28d38356e09d40686659048893e026ecbd589516b1"
            ],
            "version": "==4.8.0"
        },
        "dacite": {
            "hashes": [
                "sha256:4331535f7aabb505c732fa4c3c094313fc0a1d5ea19907bf4726a7819a68b93f",
                "sha256:d48125ed0a0352d3de9f493bf980038088f45f3f9d7498f090b50a847daaa6df"
            ],
            "markers": "python_version >= '3.6'",
            "version": "==1.6.0"
        },
        "debugpy": {
            "hashes": [
                "sha256:34d2cdd3a7c87302ba5322b86e79c32c2115be396f3f09ca13306d8a04fe0f16",
                "sha256:3c9f985944a30cfc9ae4306ac6a27b9c31dba72ca943214dad4a0ab3840f6161",
                "sha256:4e255982552b0edfe3a6264438dbd62d404baa6556a81a88f9420d3ed79b06ae",
                "sha256:5ad571a36cec137ae6ed951d0ff75b5e092e9af6683da084753231150cbc5b25",
                "sha256:6efc30325b68e451118b795eff6fe8488253ca3958251d5158106d9c87581bc6",
                "sha256:7c302095a81be0d5c19f6529b600bac971440db3e226dce85347cc27e6a61908",
                "sha256:84c39940a0cac410bf6aa4db00ba174f973eef521fbe9dd058e26bcabad89c4f",
                "sha256:86d784b72c5411c833af1cd45b83d80c252b77c3bfdb43db17c441d772f4c734",
                "sha256:adcfea5ea06d55d505375995e150c06445e2b20cd12885bcae566148c076636b",
                "sha256:b8deaeb779699350deeed835322730a3efec170b88927debc9ba07a1a38e2585",
                "sha256:c4b2bd5c245eeb49824bf7e539f95fb17f9a756186e51c3e513e32999d8846f3",
                "sha256:c4cd6f37e3c168080d61d698390dfe2cd9e74ebf80b448069822a15dadcda57d",
                "sha256:cca23cb6161ac89698d629d892520327dd1be9321c0960e610bbcb807232b45d",
                "sha256:d5c814596a170a0a58fa6fad74947e30bfd7e192a5d2d7bd6a12156c2899e13a",
                "sha256:daadab4403427abd090eccb38d8901afd8b393e01fd243048fab3f1d7132abb4",
                "sha256:dda8652520eae3945833e061cbe2993ad94a0b545aebd62e4e6b80ee616c76b2",
                "sha256:e8922090514a890eec99cfb991bab872dd2e353ebb793164d5f01c362b9a40bf",
                "sha256:fc233a0160f3b117b20216f1169e7211b83235e3cd6749bcdd8dbb72177030c7"
            ],
            "index": "pypi",
            "version": "==1.6.3"
        },
        "decorator": {
            "hashes": [
                "sha256:637996211036b6385ef91435e4fae22989472f9d571faba8927ba8253acbc330",
                "sha256:b8c3f85900b9dc423225913c5aace94729fe1fa9763b38939a95226f02d37186"
            ],
            "markers": "python_version >= '3.5'",
            "version": "==5.1.1"
        },
        "executing": {
            "hashes": [
                "sha256:9c745f80cda11eb22b62cbecf21156491a794eb56ab06f9d286a44e62822b24e",
                "sha256:d1cd87c2e371e9966261410c5b3769d6df2f9e4a79a83eebd2662dd3388f9833"
            ],
            "version": "==0.10.0"
        },
        "flake8": {
            "hashes": [
                "sha256:6fbe320aad8d6b95cec8b8e47bc933004678dc63095be98528b7bdd2a9f510db",
                "sha256:7a1cf6b73744f5806ab95e526f6f0d8c01c66d7bbe349562d22dfca20610b248"
            ],
            "index": "pypi",
            "version": "==5.0.4"
        },
        "gitdb": {
            "hashes": [
                "sha256:8033ad4e853066ba6ca92050b9df2f89301b8fc8bf7e9324d412a63f8bf1a8fd",
                "sha256:bac2fd45c0a1c9cf619e63a90d62bdc63892ef92387424b855792a6cabe789aa"
            ],
            "markers": "python_version >= '3.6'",
            "version": "==4.0.9"
        },
        "gitpython": {
            "hashes": [
                "sha256:1c885ce809e8ba2d88a29befeb385fcea06338d3640712b59ca623c220bb5704",
                "sha256:5b68b000463593e05ff2b261acff0ff0972df8ab1b70d3cdbd41b546c8b8fc3d"
            ],
            "markers": "python_version >= '3.7'",
            "version": "==3.1.27"
        },
        "greenlet": {
            "hashes": [
                "sha256:0051c6f1f27cb756ffc0ffbac7d2cd48cb0362ac1736871399a739b2885134d3",
                "sha256:00e44c8afdbe5467e4f7b5851be223be68adb4272f44696ee71fe46b7036a711",
                "sha256:013d61294b6cd8fe3242932c1c5e36e5d1db2c8afb58606c5a67efce62c1f5fd",
                "sha256:049fe7579230e44daef03a259faa24511d10ebfa44f69411d99e6a184fe68073",
                "sha256:14d4f3cd4e8b524ae9b8aa567858beed70c392fdec26dbdb0a8a418392e71708",
                "sha256:166eac03e48784a6a6e0e5f041cfebb1ab400b394db188c48b3a84737f505b67",
                "sha256:17ff94e7a83aa8671a25bf5b59326ec26da379ace2ebc4411d690d80a7fbcf23",
                "sha256:1e12bdc622676ce47ae9abbf455c189e442afdde8818d9da983085df6312e7a1",
                "sha256:21915eb821a6b3d9d8eefdaf57d6c345b970ad722f856cd71739493ce003ad08",
                "sha256:288c6a76705dc54fba69fbcb59904ae4ad768b4c768839b8ca5fdadec6dd8cfd",
                "sha256:2bde6792f313f4e918caabc46532aa64aa27a0db05d75b20edfc5c6f46479de2",
                "sha256:32ca72bbc673adbcfecb935bb3fb1b74e663d10a4b241aaa2f5a75fe1d1f90aa",
                "sha256:356b3576ad078c89a6107caa9c50cc14e98e3a6c4874a37c3e0273e4baf33de8",
                "sha256:40b951f601af999a8bf2ce8c71e8aaa4e8c6f78ff8afae7b808aae2dc50d4c40",
                "sha256:572e1787d1460da79590bf44304abbc0a2da944ea64ec549188fa84d89bba7ab",
                "sha256:58df5c2a0e293bf665a51f8a100d3e9956febfbf1d9aaf8c0677cf70218910c6",
                "sha256:64e6175c2e53195278d7388c454e0b30997573f3f4bd63697f88d855f7a6a1fc",
                "sha256:7227b47e73dedaa513cdebb98469705ef0d66eb5a1250144468e9c3097d6b59b",
                "sha256:7418b6bfc7fe3331541b84bb2141c9baf1ec7132a7ecd9f375912eca810e714e",
                "sha256:7cbd7574ce8e138bda9df4efc6bf2ab8572c9aff640d8ecfece1b006b68da963",
                "sha256:7ff61ff178250f9bb3cd89752df0f1dd0e27316a8bd1465351652b1b4a4cdfd3",
                "sha256:833e1551925ed51e6b44c800e71e77dacd7e49181fdc9ac9a0bf3714d515785d",
                "sha256:8639cadfda96737427330a094476d4c7a56ac03de7265622fcf4cfe57c8ae18d",
                "sha256:8c5d5b35f789a030ebb95bff352f1d27a93d81069f2adb3182d99882e095cefe",
                "sha256:8c790abda465726cfb8bb08bd4ca9a5d0a7bd77c7ac1ca1b839ad823b948ea28",
                "sha256:8d2f1fb53a421b410751887eb4ff21386d119ef9cde3797bf5e7ed49fb51a3b3",
                "sha256:903bbd302a2378f984aef528f76d4c9b1748f318fe1294961c072bdc7f2ffa3e",
                "sha256:93f81b134a165cc17123626ab8da2e30c0455441d4ab5576eed73a64c025b25c",
                "sha256:95e69877983ea39b7303570fa6760f81a3eec23d0e3ab2021b7144b94d06202d",
                "sha256:9633b3034d3d901f0a46b7939f8c4d64427dfba6bbc5a36b1a67364cf148a1b0",
                "sha256:97e5306482182170ade15c4b0d8386ded995a07d7cc2ca8f27958d34d6736497",
                "sha256:9f3cba480d3deb69f6ee2c1825060177a22c7826431458c697df88e6aeb3caee",
                "sha256:aa5b467f15e78b82257319aebc78dd2915e4c1436c3c0d1ad6f53e47ba6e2713",
                "sha256:abb7a75ed8b968f3061327c433a0fbd17b729947b400747c334a9c29a9af6c58",
                "sha256:aec52725173bd3a7b56fe91bc56eccb26fbdff1386ef123abb63c84c5b43b63a",
                "sha256:b11548073a2213d950c3f671aa88e6f83cda6e2fb97a8b6317b1b5b33d850e06",
                "sha256:b1692f7d6bc45e3200844be0dba153612103db241691088626a33ff1f24a0d88",
                "sha256:b336501a05e13b616ef81ce329c0e09ac5ed8c732d9ba7e3e983fcc1a9e86965",
                "sha256:b8c008de9d0daba7b6666aa5bbfdc23dcd78cafc33997c9b7741ff6353bafb7f",
                "sha256:b92e29e58bef6d9cfd340c72b04d74c4b4e9f70c9fa7c78b674d1fec18896dc4",
                "sha256:be5f425ff1f5f4b3c1e33ad64ab994eed12fc284a6ea71c5243fd564502ecbe5",
                "sha256:dd0b1e9e891f69e7675ba5c92e28b90eaa045f6ab134ffe70b52e948aa175b3c",
                "sha256:e30f5ea4ae2346e62cedde8794a56858a67b878dd79f7df76a0767e356b1744a",
                "sha256:e6a36bb9474218c7a5b27ae476035497a6990e21d04c279884eb10d9b290f1b1",
                "sha256:e859fcb4cbe93504ea18008d1df98dee4f7766db66c435e4882ab35cf70cac43",
                "sha256:eb6ea6da4c787111adf40f697b4e58732ee0942b5d3bd8f435277643329ba627",
                "sha256:ec8c433b3ab0419100bd45b47c9c8551248a5aee30ca5e9d399a0b57ac04651b",
                "sha256:eff9d20417ff9dcb0d25e2defc2574d10b491bf2e693b4e491914738b7908168",
                "sha256:f0214eb2a23b85528310dad848ad2ac58e735612929c8072f6093f3585fd342d",
                "sha256:f276df9830dba7a333544bd41070e8175762a7ac20350786b322b714b0e654f5",
                "sha256:f3acda1924472472ddd60c29e5b9db0cec629fbe3c5c5accb74d6d6d14773478",
                "sha256:f70a9e237bb792c7cc7e44c531fd48f5897961701cdaa06cf22fc14965c496cf",
                "sha256:f9d29ca8a77117315101425ec7ec2a47a22ccf59f5593378fc4077ac5b754fce",
                "sha256:fa877ca7f6b48054f847b61d6fa7bed5cebb663ebc55e018fda12db09dcc664c",
                "sha256:fdcec0b8399108577ec290f55551d926d9a1fa6cad45882093a7a07ac5ec147b"
            ],
            "markers": "python_version >= '2.7' and python_version not in '3.0, 3.1, 3.2, 3.3, 3.4'",
            "version": "==1.1.2"
        },
        "ipython": {
            "hashes": [
                "sha256:7ca74052a38fa25fe9bedf52da0be7d3fdd2fb027c3b778ea78dfe8c212937d1",
                "sha256:f2db3a10254241d9b447232cec8b424847f338d9d36f9a577a6192c332a46abd"
            ],
            "index": "pypi",
            "version": "==8.4.0"
        },
        "isort": {
            "hashes": [
                "sha256:6f62d78e2f89b4500b080fe3a81690850cd254227f27f75c3a0c491a1f351ba7",
                "sha256:e8443a5e7a020e9d7f97f1d7d9cd17c88bcb3bc7e218bf9cf5095fe550be2951"
            ],
            "index": "pypi",
            "version": "==5.10.1"
        },
        "jedi": {
            "hashes": [
                "sha256:637c9635fcf47945ceb91cd7f320234a7be540ded6f3e99a50cb6febdfd1ba8d",
                "sha256:74137626a64a99c8eb6ae5832d99b3bdd7d29a3850fe2aa80a4126b2a7d949ab"
            ],
            "markers": "python_version >= '3.6'",
            "version": "==0.18.1"
        },
        "matplotlib-inline": {
            "hashes": [
                "sha256:f1f41aab5328aa5aaea9b16d083b128102f8712542f819fe7e6a420ff581b311",
                "sha256:f887e5f10ba98e8d2b150ddcf4702c1e5f8b3a20005eb0f74bfdbd360ee6f304"
            ],
            "markers": "python_version >= '3.5'",
            "version": "==0.1.6"
        },
        "mccabe": {
            "hashes": [
                "sha256:348e0240c33b60bbdf4e523192ef919f28cb2c3d7d5c7794f74009290f236325",
                "sha256:6c2d30ab6be0e4a46919781807b4f0d834ebdd6c6e3dca0bda5a15f863427b6e"
            ],
            "markers": "python_version >= '3.6'",
            "version": "==0.7.0"
        },
        "msgpack": {
            "hashes": [
                "sha256:002b5c72b6cd9b4bafd790f364b8480e859b4712e91f43014fe01e4f957b8467",
                "sha256:0a68d3ac0104e2d3510de90a1091720157c319ceeb90d74f7b5295a6bee51bae",
                "sha256:0df96d6eaf45ceca04b3f3b4b111b86b33785683d682c655063ef8057d61fd92",
                "sha256:0dfe3947db5fb9ce52aaea6ca28112a170db9eae75adf9339a1aec434dc954ef",
                "sha256:0e3590f9fb9f7fbc36df366267870e77269c03172d086fa76bb4eba8b2b46624",
                "sha256:11184bc7e56fd74c00ead4f9cc9a3091d62ecb96e97653add7a879a14b003227",
                "sha256:112b0f93202d7c0fef0b7810d465fde23c746a2d482e1e2de2aafd2ce1492c88",
                "sha256:1276e8f34e139aeff1c77a3cefb295598b504ac5314d32c8c3d54d24fadb94c9",
                "sha256:1576bd97527a93c44fa856770197dec00d223b0b9f36ef03f65bac60197cedf8",
                "sha256:1e91d641d2bfe91ba4c52039adc5bccf27c335356055825c7f88742c8bb900dd",
                "sha256:26b8feaca40a90cbe031b03d82b2898bf560027160d3eae1423f4a67654ec5d6",
                "sha256:2999623886c5c02deefe156e8f869c3b0aaeba14bfc50aa2486a0415178fce55",
                "sha256:2a2df1b55a78eb5f5b7d2a4bb221cd8363913830145fad05374a80bf0877cb1e",
                "sha256:2bb8cdf50dd623392fa75525cce44a65a12a00c98e1e37bf0fb08ddce2ff60d2",
                "sha256:2cc5ca2712ac0003bcb625c96368fd08a0f86bbc1a5578802512d87bc592fe44",
                "sha256:35bc0faa494b0f1d851fd29129b2575b2e26d41d177caacd4206d81502d4c6a6",
                "sha256:3c11a48cf5e59026ad7cb0dc29e29a01b5a66a3e333dc11c04f7e991fc5510a9",
                "sha256:449e57cc1ff18d3b444eb554e44613cffcccb32805d16726a5494038c3b93dab",
                "sha256:462497af5fd4e0edbb1559c352ad84f6c577ffbbb708566a0abaaa84acd9f3ae",
                "sha256:4733359808c56d5d7756628736061c432ded018e7a1dff2d35a02439043321aa",
                "sha256:48f5d88c99f64c456413d74a975bd605a9b0526293218a3b77220a2c15458ba9",
                "sha256:49565b0e3d7896d9ea71d9095df15b7f75a035c49be733051c34762ca95bbf7e",
                "sha256:4ab251d229d10498e9a2f3b1e68ef64cb393394ec477e3370c457f9430ce9250",
                "sha256:4d5834a2a48965a349da1c5a79760d94a1a0172fbb5ab6b5b33cbf8447e109ce",
                "sha256:4dea20515f660aa6b7e964433b1808d098dcfcabbebeaaad240d11f909298075",
                "sha256:545e3cf0cf74f3e48b470f68ed19551ae6f9722814ea969305794645da091236",
                "sha256:63e29d6e8c9ca22b21846234913c3466b7e4ee6e422f205a2988083de3b08cae",
                "sha256:6916c78f33602ecf0509cc40379271ba0f9ab572b066bd4bdafd7434dee4bc6e",
                "sha256:6a4192b1ab40f8dca3f2877b70e63799d95c62c068c84dc028b40a6cb03ccd0f",
                "sha256:6c9566f2c39ccced0a38d37c26cc3570983b97833c365a6044edef3574a00c08",
                "sha256:76ee788122de3a68a02ed6f3a16bbcd97bc7c2e39bd4d94be2f1821e7c4a64e6",
                "sha256:7760f85956c415578c17edb39eed99f9181a48375b0d4a94076d84148cf67b2d",
                "sha256:77ccd2af37f3db0ea59fb280fa2165bf1b096510ba9fe0cc2bf8fa92a22fdb43",
                "sha256:81fc7ba725464651190b196f3cd848e8553d4d510114a954681fd0b9c479d7e1",
                "sha256:85f279d88d8e833ec015650fd15ae5eddce0791e1e8a59165318f371158efec6",
                "sha256:9667bdfdf523c40d2511f0e98a6c9d3603be6b371ae9a238b7ef2dc4e7a427b0",
                "sha256:a75dfb03f8b06f4ab093dafe3ddcc2d633259e6c3f74bb1b01996f5d8aa5868c",
                "sha256:ac5bd7901487c4a1dd51a8c58f2632b15d838d07ceedaa5e4c080f7190925bff",
                "sha256:aca0f1644d6b5a73eb3e74d4d64d5d8c6c3d577e753a04c9e9c87d07692c58db",
                "sha256:b17be2478b622939e39b816e0aa8242611cc8d3583d1cd8ec31b249f04623243",
                "sha256:c1683841cd4fa45ac427c18854c3ec3cd9b681694caf5bff04edb9387602d661",
                "sha256:c23080fdeec4716aede32b4e0ef7e213c7b1093eede9ee010949f2a418ced6ba",
                "sha256:d5b5b962221fa2c5d3a7f8133f9abffc114fe218eb4365e40f17732ade576c8e",
                "sha256:d603de2b8d2ea3f3bcb2efe286849aa7a81531abc52d8454da12f46235092bcb",
                "sha256:e83f80a7fec1a62cf4e6c9a660e39c7f878f603737a0cdac8c13131d11d97f52",
                "sha256:eb514ad14edf07a1dbe63761fd30f89ae79b42625731e1ccf5e1f1092950eaa6",
                "sha256:eba96145051ccec0ec86611fe9cf693ce55f2a3ce89c06ed307de0e085730ec1",
                "sha256:ed6f7b854a823ea44cf94919ba3f727e230da29feb4a99711433f25800cf747f",
                "sha256:f0029245c51fd9473dc1aede1160b0a29f4a912e6b1dd353fa6d317085b219da",
                "sha256:f5d869c18f030202eb412f08b28d2afeea553d6613aee89e200d7aca7ef01f5f",
                "sha256:fb62ea4b62bfcb0b380d5680f9a4b3f9a2d166d9394e9bbd9666c0ee09a3645c",
                "sha256:fcb8a47f43acc113e24e910399376f7277cf8508b27e5b88499f053de6b115a8"
            ],
            "version": "==1.0.4"
        },
        "mypy": {
            "hashes": [
                "sha256:02ef476f6dcb86e6f502ae39a16b93285fef97e7f1ff22932b657d1ef1f28655",
                "sha256:0d054ef16b071149917085f51f89555a576e2618d5d9dd70bd6eea6410af3ac9",
                "sha256:19830b7dba7d5356d3e26e2427a2ec91c994cd92d983142cbd025ebe81d69cf3",
                "sha256:1f7656b69974a6933e987ee8ffb951d836272d6c0f81d727f1d0e2696074d9e6",
                "sha256:23488a14a83bca6e54402c2e6435467a4138785df93ec85aeff64c6170077fb0",
                "sha256:23c7ff43fff4b0df93a186581885c8512bc50fc4d4910e0f838e35d6bb6b5e58",
                "sha256:25c5750ba5609a0c7550b73a33deb314ecfb559c350bb050b655505e8aed4103",
                "sha256:2ad53cf9c3adc43cf3bea0a7d01a2f2e86db9fe7596dfecb4496a5dda63cbb09",
                "sha256:3fa7a477b9900be9b7dd4bab30a12759e5abe9586574ceb944bc29cddf8f0417",
                "sha256:40b0f21484238269ae6a57200c807d80debc6459d444c0489a102d7c6a75fa56",
                "sha256:4b21e5b1a70dfb972490035128f305c39bc4bc253f34e96a4adf9127cf943eb2",
                "sha256:5a361d92635ad4ada1b1b2d3630fc2f53f2127d51cf2def9db83cba32e47c856",
                "sha256:77a514ea15d3007d33a9e2157b0ba9c267496acf12a7f2b9b9f8446337aac5b0",
                "sha256:855048b6feb6dfe09d3353466004490b1872887150c5bb5caad7838b57328cc8",
                "sha256:9796a2ba7b4b538649caa5cecd398d873f4022ed2333ffde58eaf604c4d2cb27",
                "sha256:98e02d56ebe93981c41211c05adb630d1d26c14195d04d95e49cd97dbc046dc5",
                "sha256:b793b899f7cf563b1e7044a5c97361196b938e92f0a4343a5d27966a53d2ec71",
                "sha256:d1ea5d12c8e2d266b5fb8c7a5d2e9c0219fedfeb493b7ed60cd350322384ac27",
                "sha256:d2022bfadb7a5c2ef410d6a7c9763188afdb7f3533f22a0a32be10d571ee4bbe",
                "sha256:d3348e7eb2eea2472db611486846742d5d52d1290576de99d59edeb7cd4a42ca",
                "sha256:d744f72eb39f69312bc6c2abf8ff6656973120e2eb3f3ec4f758ed47e414a4bf",
                "sha256:ef943c72a786b0f8d90fd76e9b39ce81fb7171172daf84bf43eaf937e9f220a9",
                "sha256:f2899a3cbd394da157194f913a931edfd4be5f274a88041c9dc2d9cdcb1c315c"
            ],
            "index": "pypi",
            "version": "==0.971"
        },
        "mypy-extensions": {
            "hashes": [
                "sha256:090fedd75945a69ae91ce1303b5824f428daf5a028d2f6ab8a299250a846f15d",
                "sha256:2d82818f5bb3e369420cb3c4060a7970edba416647068eb4c5343488a6c604a8"
            ],
            "version": "==0.4.3"
        },
        "parso": {
            "hashes": [
                "sha256:8c07be290bb59f03588915921e29e8a50002acaf2cdc5fa0e0114f91709fafa0",
                "sha256:c001d4636cd3aecdaf33cbb40aebb59b094be2a74c556778ef5576c175e19e75"
            ],
            "markers": "python_version >= '3.6'",
            "version": "==0.8.3"
        },
        "pathspec": {
            "hashes": [
                "sha256:7d15c4ddb0b5c802d161efc417ec1a2558ea2653c2e8ad9c19098201dc1c993a",
                "sha256:e564499435a2673d586f6b2130bb5b95f04a3ba06f81b8f895b651a3c76aabb1"
            ],
            "version": "==0.9.0"
        },
        "pexpect": {
            "hashes": [
                "sha256:0b48a55dcb3c05f3329815901ea4fc1537514d6ba867a152b581d69ae3710937",
                "sha256:fc65a43959d153d0114afe13997d439c22823a27cefceb5ff35c2178c6784c0c"
            ],
            "markers": "sys_platform != 'win32'",
            "version": "==4.8.0"
        },
        "pickleshare": {
            "hashes": [
                "sha256:87683d47965c1da65cdacaf31c8441d12b8044cdec9aca500cd78fc2c683afca",
                "sha256:9649af414d74d4df115d5d718f82acb59c9d418196b7b4290ed47a12ce62df56"
            ],
            "version": "==0.7.5"
        },
        "platformdirs": {
            "hashes": [
                "sha256:027d8e83a2d7de06bbac4e5ef7e023c02b863d7ea5d079477e722bb41ab25788",
                "sha256:58c8abb07dcb441e6ee4b11d8df0ac856038f944ab98b7be6b27b2a3c7feef19"
            ],
            "markers": "python_version >= '3.7'",
            "version": "==2.5.2"
        },
        "prompt-toolkit": {
            "hashes": [
                "sha256:859b283c50bde45f5f97829f77a4674d1c1fcd88539364f1b28a37805cfd89c0",
                "sha256:d8916d3f62a7b67ab353a952ce4ced6a1d2587dfe9ef8ebc30dd7c386751f289"
            ],
            "markers": "python_full_version >= '3.6.2'",
            "version": "==3.0.30"
        },
        "ptyprocess": {
            "hashes": [
                "sha256:4b41f3967fce3af57cc7e94b888626c18bf37a083e3651ca8feeb66d492fef35",
                "sha256:5c5d0a3b48ceee0b48485e0c26037c0acd7d29765ca3fbb5cb3831d347423220"
            ],
            "version": "==0.7.0"
        },
        "pure-eval": {
            "hashes": [
                "sha256:01eaab343580944bc56080ebe0a674b39ec44a945e6d09ba7db3cb8cec289350",
                "sha256:2b45320af6dfaa1750f543d714b6d1c520a1688dec6fd24d339063ce0aaa9ac3"
            ],
            "version": "==0.2.2"
        },
        "pycodestyle": {
            "hashes": [
                "sha256:2c9607871d58c76354b697b42f5d57e1ada7d261c261efac224b664affdc5785",
                "sha256:d1735fc58b418fd7c5f658d28d943854f8a849b01a5d0a1e6f3f3fdd0166804b"
            ],
            "markers": "python_version >= '3.6'",
            "version": "==2.9.1"
        },
        "pyflakes": {
            "hashes": [
                "sha256:4579f67d887f804e67edb544428f264b7b24f435b263c4614f384135cea553d2",
                "sha256:491feb020dca48ccc562a8c0cbe8df07ee13078df59813b83959cbdada312ea3"
            ],
            "markers": "python_version >= '3.6'",
            "version": "==2.5.0"
        },
        "pygments": {
            "hashes": [
                "sha256:56a8508ae95f98e2b9bdf93a6be5ae3f7d8af858b43e02c5a2ff083726be40c1",
                "sha256:f643f331ab57ba3c9d89212ee4a2dabc6e94f117cf4eefde99a0574720d14c42"
            ],
            "markers": "python_version >= '3.6'",
            "version": "==2.13.0"
        },
        "pynvim": {
            "hashes": [
                "sha256:3a795378bde5e8092fbeb3a1a99be9c613d2685542f1db0e5c6fd467eed56dff"
            ],
            "index": "pypi",
            "version": "==0.4.3"
        },
        "pysen": {
            "hashes": [
                "sha256:5400124c3b6bf1a11d4a359cc44c9909c364615dc128eb35def1f735a4fbe6d2",
                "sha256:f669c86d12e50d75a0037898fe0e20354f8545aa9682d0934374112eb37b131f"
            ],
            "index": "pypi",
            "version": "==0.10.2"
        },
        "setuptools": {
            "hashes": [
                "sha256:10602cd0a6f5feab6656e9587f9075292ab777c5200f3bf00293ecd23d9f2788",
                "sha256:d2e010624c781b26ad6629a8de9832327cf853dea93894487979e55f9ad06857"
            ],
            "markers": "python_version >= '3.7'",
            "version": "==65.1.0"
        },
        "six": {
            "hashes": [
                "sha256:1e61c37477a1626458e36f7b1d82aa5c9b094fa4802892072e49de9c60c4c926",
                "sha256:8abb2f1d86890a2dfb989f9a77cfcfd3e47c2a354b01111771326f8aa26e0254"
            ],
            "markers": "python_version >= '2.7' and python_version not in '3.0, 3.1, 3.2, 3.3'",
            "version": "==1.16.0"
        },
        "smmap": {
            "hashes": [
                "sha256:2aba19d6a040e78d8b09de5c57e96207b09ed71d8e55ce0959eeee6c8e190d94",
                "sha256:c840e62059cd3be204b0c9c9f74be2c09d5648eddd4580d9314c3ecde0b30936"
            ],
            "markers": "python_version >= '3.6'",
            "version": "==5.0.0"
        },
        "stack-data": {
            "hashes": [
                "sha256:a90ae7e260f7d15aefeceb46f0a028d4ccb9eb8856475c53e341945342d41ea7",
                "sha256:b94fed36d725cfabc6d09ed5886913e35eed9009766a1af1d5941b9da3a94aaa"
            ],
            "version": "==0.4.0"
        },
        "tomli": {
            "hashes": [
                "sha256:939de3e7a6161af0c887ef91b7d41a53e7c5a1ca976325f429cb46ea9bc30ecc",
                "sha256:de526c12914f0c550d15924c62d72abc48d6fe7364aa87328337a31007fe8a4f"
            ],
            "markers": "python_full_version < '3.11.0a7'",
            "version": "==2.0.1"
        },
        "tomlkit": {
            "hashes": [
                "sha256:25d4e2e446c453be6360c67ddfb88838cfc42026322770ba13d1fbd403a93a5c",
                "sha256:3235a9010fae54323e727c3ac06fb720752fe6635b3426e379daec60fbd44a83"
            ],
            "markers": "python_version >= '3.6' and python_version < '4.0'",
            "version": "==0.11.4"
        },
        "traitlets": {
            "hashes": [
                "sha256:0bb9f1f9f017aa8ec187d8b1b2a7a6626a2a1d877116baba52a129bfa124f8e2",
                "sha256:65fa18961659635933100db8ca120ef6220555286949774b9cfc106f941d1c7a"
            ],
            "markers": "python_version >= '3.7'",
            "version": "==5.3.0"
        },
        "typing-extensions": {
            "hashes": [
                "sha256:25642c956049920a5aa49edcdd6ab1e06d7e5d467fc00e0506c44ac86fbfca02",
                "sha256:e6d2677a32f47fc7eb2795db1dd15c1f34eff616bcaf2cfb5e997f854fa1c4a6"
            ],
            "markers": "python_version >= '3.7'",
            "version": "==4.3.0"
        },
        "unidiff": {
            "hashes": [
                "sha256:2bbcbc986e1fb97f04b1d7b864aa6002ab02f4d8a996bf03aa6e5a81447d1fc5",
                "sha256:688622add422f84a873498cc4ff9bf50da5ea6c23dea908f19d2190fa39a8e39"
            ],
            "version": "==0.7.4"
        },
        "wcwidth": {
            "hashes": [
                "sha256:beb4802a9cebb9144e99086eff703a642a13d6a0052920003a230f3294bbe784",
                "sha256:c4d647b99872929fdb7bdcaa4fbe7f01413ed3d98077df798530e5b04f116c83"
            ],
            "version": "==0.2.5"
        }
    }
}
